// !$*UTF8*$!
{
	archiveVersion = 1;
	classes = {
	};
	objectVersion = 56;
	objects = {

/* Begin PBXBuildFile section */
		0D025FB228E7703700E8859C /* person.cpp in Sources */ = {isa = PBXBuildFile; fileRef = 0D025FB128E7703700E8859C /* person.cpp */; };
		0D5BB73E28EDD2D600369D6B /* mechanic.cpp in Sources */ = {isa = PBXBuildFile; fileRef = 0D5BB73D28EDD2D600369D6B /* mechanic.cpp */; };
		0D9A46F828F0BA4D00F493C4 /* cust.cpp in Sources */ = {isa = PBXBuildFile; fileRef = 0D9A46F728F0BA4D00F493C4 /* cust.cpp */; };
		0DE1D53028EB88BF00D95912 /* main.cpp in Sources */ = {isa = PBXBuildFile; fileRef = 0DE1D52F28EB88BF00D95912 /* main.cpp */; };
/* End PBXBuildFile section */

/* Begin PBXCopyFilesBuildPhase section */
		0D025FAC28E7703700E8859C /* CopyFiles */ = {
			isa = PBXCopyFilesBuildPhase;
			buildActionMask = 2147483647;
			dstPath = /usr/share/man/man1/;
			dstSubfolderSpec = 0;
			files = (
			);
			runOnlyForDeploymentPostprocessing = 1;
		};
/* End PBXCopyFilesBuildPhase section */

/* Begin PBXFileReference section */
		0D025FAE28E7703700E8859C /* person */ = {isa = PBXFileReference; explicitFileType = "compiled.mach-o.executable"; includeInIndex = 0; path = person; sourceTree = BUILT_PRODUCTS_DIR; };
		0D025FB128E7703700E8859C /* person.cpp */ = {isa = PBXFileReference; lastKnownFileType = sourcecode.cpp.cpp; path = person.cpp; sourceTree = "<group>"; };
		0D025FB828E7707300E8859C /* person.h */ = {isa = PBXFileReference; lastKnownFileType = sourcecode.c.h; path = person.h; sourceTree = "<group>"; };
		0D025FBA28E7731500E8859C /* mechanic.h */ = {isa = PBXFileReference; lastKnownFileType = sourcecode.c.h; path = mechanic.h; sourceTree = "<group>"; };
		0D025FBB28E774A800E8859C /* appointments.h */ = {isa = PBXFileReference; lastKnownFileType = sourcecode.c.h; path = appointments.h; sourceTree = "<group>"; };
		0D5BB73D28EDD2D600369D6B /* mechanic.cpp */ = {isa = PBXFileReference; lastKnownFileType = sourcecode.cpp.cpp; path = mechanic.cpp; sourceTree = "<group>"; };
		0D8FEDC328F222D700E7ED63 /* templateQ.h */ = {isa = PBXFileReference; lastKnownFileType = sourcecode.c.h; path = templateQ.h; sourceTree = "<group>"; };
		0D9A46F628F0BA2F00F493C4 /* cust.h */ = {isa = PBXFileReference; lastKnownFileType = sourcecode.c.h; path = cust.h; sourceTree = "<group>"; };
		0D9A46F728F0BA4D00F493C4 /* cust.cpp */ = {isa = PBXFileReference; lastKnownFileType = sourcecode.cpp.cpp; path = cust.cpp; sourceTree = "<group>"; };
		0DE1D52F28EB88BF00D95912 /* main.cpp */ = {isa = PBXFileReference; lastKnownFileType = sourcecode.cpp.cpp; path = main.cpp; sourceTree = "<group>"; };
/* End PBXFileReference section */

/* Begin PBXFrameworksBuildPhase section */
		0D025FAB28E7703700E8859C /* Frameworks */ = {
			isa = PBXFrameworksBuildPhase;
			buildActionMask = 2147483647;
			files = (
			);
			runOnlyForDeploymentPostprocessing = 0;
		};
/* End PBXFrameworksBuildPhase section */

/* Begin PBXGroup section */
		0D025FA528E7703700E8859C = {
			isa = PBXGroup;
			children = (
				0D025FB028E7703700E8859C /* assignm 2 */,
				0D025FAF28E7703700E8859C /* Products */,
			);
			sourceTree = "<group>";
		};
		0D025FAF28E7703700E8859C /* Products */ = {
			isa = PBXGroup;
			children = (
				0D025FAE28E7703700E8859C /* person */,
			);
			name = Products;
			sourceTree = "<group>";
		};
		0D025FB028E7703700E8859C /* assignm 2 */ = {
			isa = PBXGroup;
			children = (
				0DE1D52F28EB88BF00D95912 /* main.cpp */,
				0D025FBA28E7731500E8859C /* mechanic.h */,
				0D025FB828E7707300E8859C /* person.h */,
				0D025FBB28E774A800E8859C /* appointments.h */,
				0D8FEDC328F222D700E7ED63 /* templateQ.h */,
				0D9A46F628F0BA2F00F493C4 /* cust.h */,
				0D9A46F728F0BA4D00F493C4 /* cust.cpp */,
				0D5BB73D28EDD2D600369D6B /* mechanic.cpp */,
				0D025FB128E7703700E8859C /* person.cpp */,
			);
			path = "assignm 2";
			sourceTree = "<group>";
		};
/* End PBXGroup section */

/* Begin PBXNativeTarget section */
		0D025FAD28E7703700E8859C /* person */ = {
			isa = PBXNativeTarget;
			buildConfigurationList = 0D025FB528E7703700E8859C /* Build configuration list for PBXNativeTarget "person" */;
			buildPhases = (
				0D025FAA28E7703700E8859C /* Sources */,
				0D025FAB28E7703700E8859C /* Frameworks */,
				0D025FAC28E7703700E8859C /* CopyFiles */,
			);
			buildRules = (
			);
			dependencies = (
			);
			name = person;
			productName = person;
			productReference = 0D025FAE28E7703700E8859C /* person */;
			productType = "com.apple.product-type.tool";
		};
/* End PBXNativeTarget section */

/* Begin PBXProject section */
		0D025FA628E7703700E8859C /* Project object */ = {
			isa = PBXProject;
			attributes = {
				BuildIndependentTargetsInParallel = 1;
				LastUpgradeCheck = 1400;
				TargetAttributes = {
					0D025FAD28E7703700E8859C = {
						CreatedOnToolsVersion = 14.0.1;
					};
				};
			};
			buildConfigurationList = 0D025FA928E7703700E8859C /* Build configuration list for PBXProject "Assignment 2" */;
			compatibilityVersion = "Xcode 14.0";
			developmentRegion = en;
			hasScannedForEncodings = 0;
			knownRegions = (
				en,
				Base,
			);
			mainGroup = 0D025FA528E7703700E8859C;
			productRefGroup = 0D025FAF28E7703700E8859C /* Products */;
			projectDirPath = "";
			projectRoot = "";
			targets = (
				0D025FAD28E7703700E8859C /* person */,
			);
		};
/* End PBXProject section */

/* Begin PBXSourcesBuildPhase section */
		0D025FAA28E7703700E8859C /* Sources */ = {
			isa = PBXSourcesBuildPhase;
			buildActionMask = 2147483647;
			files = (
				0D025FB228E7703700E8859C /* person.cpp in Sources */,
				0D5BB73E28EDD2D600369D6B /* mechanic.cpp in Sources */,
				0D9A46F828F0BA4D00F493C4 /* cust.cpp in Sources */,
				0DE1D53028EB88BF00D95912 /* main.cpp in Sources */,
			);
			runOnlyForDeploymentPostprocessing = 0;
		};
/* End PBXSourcesBuildPhase section */

/* Begin XCBuildConfiguration section */
		0D025FB328E7703700E8859C /* Debug */ = {
			isa = XCBuildConfiguration;
			buildSettings = {
				ALWAYS_SEARCH_USER_PATHS = NO;
				CLANG_ANALYZER_NONNULL = YES;
				CLANG_ANALYZER_NUMBER_OBJECT_CONVERSION = YES_AGGRESSIVE;
				CLANG_CXX_LANGUAGE_STANDARD = "gnu++20";
				CLANG_ENABLE_MODULES = YES;
				CLANG_ENABLE_OBJC_ARC = YES;
				CLANG_ENABLE_OBJC_WEAK = YES;
				CLANG_WARN_BLOCK_CAPTURE_AUTORELEASING = YES;
				CLANG_WARN_BOOL_CONVERSION = YES;
				CLANG_WARN_COMMA = YES;
				CLANG_WARN_CONSTANT_CONVERSION = YES;
				CLANG_WARN_DEPRECATED_OBJC_IMPLEMENTATIONS = YES;
				CLANG_WARN_DIRECT_OBJC_ISA_USAGE = YES_ERROR;
				CLANG_WARN_DOCUMENTATION_COMMENTS = YES;
				CLANG_WARN_EMPTY_BODY = YES;
				CLANG_WARN_ENUM_CONVERSION = YES;
				CLANG_WARN_INFINITE_RECURSION = YES;
				CLANG_WARN_INT_CONVERSION = YES;
				CLANG_WARN_NON_LITERAL_NULL_CONVERSION = YES;
				CLANG_WARN_OBJC_IMPLICIT_RETAIN_SELF = YES;
				CLANG_WARN_OBJC_LITERAL_CONVERSION = YES;
				CLANG_WARN_OBJC_ROOT_CLASS = YES_ERROR;
				CLANG_WARN_QUOTED_INCLUDE_IN_FRAMEWORK_HEADER = YES;
				CLANG_WARN_RANGE_LOOP_ANALYSIS = YES;
				CLANG_WARN_STRICT_PROTOTYPES = YES;
				CLANG_WARN_SUSPICIOUS_MOVE = YES;
				CLANG_WARN_UNGUARDED_AVAILABILITY = YES_AGGRESSIVE;
				CLANG_WARN_UNREACHABLE_CODE = YES;
				CLANG_WARN__DUPLICATE_METHOD_MATCH = YES;
				COPY_PHASE_STRIP = NO;
				DEBUG_INFORMATION_FORMAT = dwarf;
				ENABLE_STRICT_OBJC_MSGSEND = YES;
				ENABLE_TESTABILITY = YES;
				GCC_C_LANGUAGE_STANDARD = gnu11;
				GCC_DYNAMIC_NO_PIC = NO;
				GCC_NO_COMMON_BLOCKS = YES;
				GCC_OPTIMIZATION_LEVEL = 0;
				GCC_PREPROCESSOR_DEFINITIONS = (
					"DEBUG=1",
					"$(inherited)",
				);
				GCC_WARN_64_TO_32_BIT_CONVERSION = YES;
				GCC_WARN_ABOUT_RETURN_TYPE = YES_ERROR;
				GCC_WARN_UNDECLARED_SELECTOR = YES;
				GCC_WARN_UNINITIALIZED_AUTOS = YES_AGGRESSIVE;
				GCC_WARN_UNUSED_FUNCTION = YES;
				GCC_WARN_UNUSED_VARIABLE = YES;
				MACOSX_DEPLOYMENT_TARGET = 12.3;
				MTL_ENABLE_DEBUG_INFO = INCLUDE_SOURCE;
				MTL_FAST_MATH = YES;
				ONLY_ACTIVE_ARCH = YES;
				SDKROOT = macosx;
			};
			name = Debug;
		};
		0D025FB428E7703700E8859C /* Release */ = {
			isa = XCBuildConfiguration;
			buildSettings = {
				ALWAYS_SEARCH_USER_PATHS = NO;
				CLANG_ANALYZER_NONNULL = YES;
				CLANG_ANALYZER_NUMBER_OBJECT_CONVERSION = YES_AGGRESSIVE;
				CLANG_CXX_LANGUAGE_STANDARD = "gnu++20";
				CLANG_ENABLE_MODULES = YES;
				CLANG_ENABLE_OBJC_ARC = YES;
				CLANG_ENABLE_OBJC_WEAK = YES;
				CLANG_WARN_BLOCK_CAPTURE_AUTORELEASING = YES;
				CLANG_WARN_BOOL_CONVERSION = YES;
				CLANG_WARN_COMMA = YES;
				CLANG_WARN_CONSTANT_CONVERSION = YES;
				CLANG_WARN_DEPRECATED_OBJC_IMPLEMENTATIONS = YES;
				CLANG_WARN_DIRECT_OBJC_ISA_USAGE = YES_ERROR;
				CLANG_WARN_DOCUMENTATION_COMMENTS = YES;
				CLANG_WARN_EMPTY_BODY = YES;
				CLANG_WARN_ENUM_CONVERSION = YES;
				CLANG_WARN_INFINITE_RECURSION = YES;
				CLANG_WARN_INT_CONVERSION = YES;
				CLANG_WARN_NON_LITERAL_NULL_CONVERSION = YES;
				CLANG_WARN_OBJC_IMPLICIT_RETAIN_SELF = YES;
				CLANG_WARN_OBJC_LITERAL_CONVERSION = YES;
				CLANG_WARN_OBJC_ROOT_CLASS = YES_ERROR;
				CLANG_WARN_QUOTED_INCLUDE_IN_FRAMEWORK_HEADER = YES;
				CLANG_WARN_RANGE_LOOP_ANALYSIS = YES;
				CLANG_WARN_STRICT_PROTOTYPES = YES;
				CLANG_WARN_SUSPICIOUS_MOVE = YES;
				CLANG_WARN_UNGUARDED_AVAILABILITY = YES_AGGRESSIVE;
				CLANG_WARN_UNREACHABLE_CODE = YES;
				CLANG_WARN__DUPLICATE_METHOD_MATCH = YES;
				COPY_PHASE_STRIP = NO;
				DEBUG_INFORMATION_FORMAT = "dwarf-with-dsym";
				ENABLE_NS_ASSERTIONS = NO;
				ENABLE_STRICT_OBJC_MSGSEND = YES;
				GCC_C_LANGUAGE_STANDARD = gnu11;
				GCC_NO_COMMON_BLOCKS = YES;
				GCC_WARN_64_TO_32_BIT_CONVERSION = YES;
				GCC_WARN_ABOUT_RETURN_TYPE = YES_ERROR;
				GCC_WARN_UNDECLARED_SELECTOR = YES;
				GCC_WARN_UNINITIALIZED_AUTOS = YES_AGGRESSIVE;
				GCC_WARN_UNUSED_FUNCTION = YES;
				GCC_WARN_UNUSED_VARIABLE = YES;
				MACOSX_DEPLOYMENT_TARGET = 12.3;
				MTL_ENABLE_DEBUG_INFO = NO;
				MTL_FAST_MATH = YES;
				SDKROOT = macosx;
			};
			name = Release;
		};
		0D025FB628E7703700E8859C /* Debug */ = {
			isa = XCBuildConfiguration;
			buildSettings = {
				CODE_SIGN_STYLE = Automatic;
				PRODUCT_NAME = "$(TARGET_NAME)";
			};
			name = Debug;
		};
		0D025FB728E7703700E8859C /* Release */ = {
			isa = XCBuildConfiguration;
			buildSettings = {
				CODE_SIGN_STYLE = Automatic;
				PRODUCT_NAME = "$(TARGET_NAME)";
			};
			name = Release;
		};
/* End XCBuildConfiguration section */

/* Begin XCConfigurationList section */
		0D025FA928E7703700E8859C /* Build configuration list for PBXProject "Assignment 2" */ = {
			isa = XCConfigurationList;
			buildConfigurations = (
				0D025FB328E7703700E8859C /* Debug */,
				0D025FB428E7703700E8859C /* Release */,
			);
			defaultConfigurationIsVisible = 0;
			defaultConfigurationName = Release;
		};
		0D025FB528E7703700E8859C /* Build configuration list for PBXNativeTarget "person" */ = {
			isa = XCConfigurationList;
			buildConfigurations = (
				0D025FB628E7703700E8859C /* Debug */,
				0D025FB728E7703700E8859C /* Release */,
			);
			defaultConfigurationIsVisible = 0;
			defaultConfigurationName = Release;
		};
/* End XCConfigurationList section */
	};
	rootObject = 0D025FA628E7703700E8859C /* Project object */;
}
